
Microsoft Visual Studio Solution File, Format Version 12.00
# Visual Studio Version 17
VisualStudioVersion = 17.13.36105.23 d17.13
MinimumVisualStudioVersion = 10.0.40219.1
Project("{8BC9CEB8-8B4A-11D0-8D11-00A0C91BC942}") = "Project", "Project.vcxproj", "{5EE3C1F1-8716-4EBB-98D5-8E2B96081DE7}"
EndProject
Global
	GlobalSection(SolutionConfigurationPlatforms) = preSolution
		Debug|x64 = Debug|x64
		Release|x64 = Release|x64
	EndGlobalSection
	GlobalSection(ProjectConfigurationPlatforms) = postSolution
		{5EE3C1F1-8716-4EBB-98D5-8E2B96081DE7}.Debug|x64.ActiveCfg = Debug|x64
		{5EE3C1F1-8716-4EBB-98D5-8E2B96081DE7}.Debug|x64.Build.0 = Debug|x64
		{5EE3C1F1-8716-4EBB-98D5-8E2B96081DE7}.Release|x64.ActiveCfg = Release|x64
		{5EE3C1F1-8716-4EBB-98D5-8E2B96081DE7}.Release|x64.Build.0 = Release|x64
	EndGlobalSection
	GlobalSection(SolutionProperties) = preSolution
		HideSolutionNode = FALSE
	EndGlobalSection
	GlobalSection(ExtensibilityGlobals) = postSolution
		SolutionGuid = {51BAF8F8-6AFC-47D0-9C60-FD9AB8805405}
	EndGlobalSection
EndGlobal
